
Microsoft Visual Studio Solution File, Format Version 12.00
# Visual Studio Version 16
VisualStudioVersion = 16.0.31624.102
MinimumVisualStudioVersion = 10.0.40219.1
Project("{FAE04EC0-301F-11D3-BF4B-00C04F79EFBC}") = "Task_2", "Task_2\Task_2.csproj", "{AEE2256A-18A5-480E-AEB5-176405CB10D5}"
EndProject
Global
	GlobalSection(SolutionConfigurationPlatforms) = preSolution
		Debug|Any CPU = Debug|Any CPU
		Release|Any CPU = Release|Any CPU
	EndGlobalSection
	GlobalSection(ProjectConfigurationPlatforms) = postSolution
		{AEE2256A-18A5-480E-AEB5-176405CB10D5}.Debug|Any CPU.ActiveCfg = Debug|Any CPU
		{AEE2256A-18A5-480E-AEB5-176405CB10D5}.Debug|Any CPU.Build.0 = Debug|Any CPU
		{AEE2256A-18A5-480E-AEB5-176405CB10D5}.Release|Any CPU.ActiveCfg = Release|Any CPU
		{AEE2256A-18A5-480E-AEB5-176405CB10D5}.Release|Any CPU.Build.0 = Release|Any CPU
	EndGlobalSection
	GlobalSection(SolutionProperties) = preSolution
		HideSolutionNode = FALSE
	EndGlobalSection
	GlobalSection(ExtensibilityGlobals) = postSolution
		SolutionGuid = {7B107A6F-A338-4CBE-A22A-194B452BC0C1}
	EndGlobalSection
EndGlobal
