
Microsoft Visual Studio Solution File, Format Version 12.00
Project("{FAE04EC0-301F-11D3-BF4B-00C04F79EFBC}") = "task1", "task1\task1.csproj", "{05A32C54-B814-46C3-871F-2D6380692362}"
EndProject
Global
	GlobalSection(SolutionConfigurationPlatforms) = preSolution
		Debug|Any CPU = Debug|Any CPU
		Release|Any CPU = Release|Any CPU
	EndGlobalSection
	GlobalSection(ProjectConfigurationPlatforms) = postSolution
		{05A32C54-B814-46C3-871F-2D6380692362}.Debug|Any CPU.ActiveCfg = Debug|Any CPU
		{05A32C54-B814-46C3-871F-2D6380692362}.Debug|Any CPU.Build.0 = Debug|Any CPU
		{05A32C54-B814-46C3-871F-2D6380692362}.Release|Any CPU.ActiveCfg = Release|Any CPU
		{05A32C54-B814-46C3-871F-2D6380692362}.Release|Any CPU.Build.0 = Release|Any CPU
	EndGlobalSection
EndGlobal
