
Microsoft Visual Studio Solution File, Format Version 12.00
# Visual Studio Version 16
VisualStudioVersion = 16.0.31624.102
MinimumVisualStudioVersion = 10.0.40219.1
Project("{FAE04EC0-301F-11D3-BF4B-00C04F79EFBC}") = "Task_1", "Task_1\Task_1.csproj", "{99AAE84D-A16F-4BE3-AB4A-913D8A638DDC}"
EndProject
Global
	GlobalSection(SolutionConfigurationPlatforms) = preSolution
		Debug|Any CPU = Debug|Any CPU
		Release|Any CPU = Release|Any CPU
	EndGlobalSection
	GlobalSection(ProjectConfigurationPlatforms) = postSolution
		{99AAE84D-A16F-4BE3-AB4A-913D8A638DDC}.Debug|Any CPU.ActiveCfg = Debug|Any CPU
		{99AAE84D-A16F-4BE3-AB4A-913D8A638DDC}.Debug|Any CPU.Build.0 = Debug|Any CPU
		{99AAE84D-A16F-4BE3-AB4A-913D8A638DDC}.Release|Any CPU.ActiveCfg = Release|Any CPU
		{99AAE84D-A16F-4BE3-AB4A-913D8A638DDC}.Release|Any CPU.Build.0 = Release|Any CPU
	EndGlobalSection
	GlobalSection(SolutionProperties) = preSolution
		HideSolutionNode = FALSE
	EndGlobalSection
	GlobalSection(ExtensibilityGlobals) = postSolution
		SolutionGuid = {3063CF82-4170-4D0A-9578-21233DECB543}
	EndGlobalSection
EndGlobal
