
Microsoft Visual Studio Solution File, Format Version 12.00
# Visual Studio Version 16
VisualStudioVersion = 16.0.31624.102
MinimumVisualStudioVersion = 10.0.40219.1
Project("{FAE04EC0-301F-11D3-BF4B-00C04F79EFBC}") = "Task_3", "Task_3\Task_3.csproj", "{A961FB16-D03F-4003-9B5C-FCF52DCD420D}"
EndProject
Global
	GlobalSection(SolutionConfigurationPlatforms) = preSolution
		Debug|Any CPU = Debug|Any CPU
		Release|Any CPU = Release|Any CPU
	EndGlobalSection
	GlobalSection(ProjectConfigurationPlatforms) = postSolution
		{A961FB16-D03F-4003-9B5C-FCF52DCD420D}.Debug|Any CPU.ActiveCfg = Debug|Any CPU
		{A961FB16-D03F-4003-9B5C-FCF52DCD420D}.Debug|Any CPU.Build.0 = Debug|Any CPU
		{A961FB16-D03F-4003-9B5C-FCF52DCD420D}.Release|Any CPU.ActiveCfg = Release|Any CPU
		{A961FB16-D03F-4003-9B5C-FCF52DCD420D}.Release|Any CPU.Build.0 = Release|Any CPU
	EndGlobalSection
	GlobalSection(SolutionProperties) = preSolution
		HideSolutionNode = FALSE
	EndGlobalSection
	GlobalSection(ExtensibilityGlobals) = postSolution
		SolutionGuid = {70DD9C37-BD62-42CE-BBB1-5628A7EBE2F4}
	EndGlobalSection
EndGlobal
