
Microsoft Visual Studio Solution File, Format Version 12.00
# Visual Studio Version 16
VisualStudioVersion = 16.0.31624.102
MinimumVisualStudioVersion = 10.0.40219.1
Project("{FAE04EC0-301F-11D3-BF4B-00C04F79EFBC}") = "Task_1", "Task_1\Task_1.csproj", "{78ABC161-5061-41F9-AF79-685A6148E891}"
EndProject
Global
	GlobalSection(SolutionConfigurationPlatforms) = preSolution
		Debug|Any CPU = Debug|Any CPU
		Release|Any CPU = Release|Any CPU
	EndGlobalSection
	GlobalSection(ProjectConfigurationPlatforms) = postSolution
		{78ABC161-5061-41F9-AF79-685A6148E891}.Debug|Any CPU.ActiveCfg = Debug|Any CPU
		{78ABC161-5061-41F9-AF79-685A6148E891}.Debug|Any CPU.Build.0 = Debug|Any CPU
		{78ABC161-5061-41F9-AF79-685A6148E891}.Release|Any CPU.ActiveCfg = Release|Any CPU
		{78ABC161-5061-41F9-AF79-685A6148E891}.Release|Any CPU.Build.0 = Release|Any CPU
	EndGlobalSection
	GlobalSection(SolutionProperties) = preSolution
		HideSolutionNode = FALSE
	EndGlobalSection
	GlobalSection(ExtensibilityGlobals) = postSolution
		SolutionGuid = {FFF42CFD-5AC0-4EED-9957-45914003BDE4}
	EndGlobalSection
EndGlobal
