
Microsoft Visual Studio Solution File, Format Version 12.00
# Visual Studio Version 16
VisualStudioVersion = 16.0.31624.102
MinimumVisualStudioVersion = 10.0.40219.1
Project("{FAE04EC0-301F-11D3-BF4B-00C04F79EFBC}") = "Task_7", "Task_7\Task_7.csproj", "{52DBA208-17FD-4587-B997-0366883B46A5}"
EndProject
Global
	GlobalSection(SolutionConfigurationPlatforms) = preSolution
		Debug|Any CPU = Debug|Any CPU
		Release|Any CPU = Release|Any CPU
	EndGlobalSection
	GlobalSection(ProjectConfigurationPlatforms) = postSolution
		{52DBA208-17FD-4587-B997-0366883B46A5}.Debug|Any CPU.ActiveCfg = Debug|Any CPU
		{52DBA208-17FD-4587-B997-0366883B46A5}.Debug|Any CPU.Build.0 = Debug|Any CPU
		{52DBA208-17FD-4587-B997-0366883B46A5}.Release|Any CPU.ActiveCfg = Release|Any CPU
		{52DBA208-17FD-4587-B997-0366883B46A5}.Release|Any CPU.Build.0 = Release|Any CPU
	EndGlobalSection
	GlobalSection(SolutionProperties) = preSolution
		HideSolutionNode = FALSE
	EndGlobalSection
	GlobalSection(ExtensibilityGlobals) = postSolution
		SolutionGuid = {B3839DFC-06D8-4FB5-9098-ADF368022811}
	EndGlobalSection
EndGlobal
