
Microsoft Visual Studio Solution File, Format Version 12.00
# Visual Studio Version 17
VisualStudioVersion = 17.0.31912.275
MinimumVisualStudioVersion = 10.0.40219.1
Project("{FAE04EC0-301F-11D3-BF4B-00C04F79EFBC}") = "WinFormsApp1", "WinFormsApp1\WinFormsApp1.csproj", "{09017F7F-07D0-403B-ADCA-A087C574ED37}"
EndProject
Global
	GlobalSection(SolutionConfigurationPlatforms) = preSolution
		Debug|Any CPU = Debug|Any CPU
		Release|Any CPU = Release|Any CPU
	EndGlobalSection
	GlobalSection(ProjectConfigurationPlatforms) = postSolution
		{09017F7F-07D0-403B-ADCA-A087C574ED37}.Debug|Any CPU.ActiveCfg = Debug|Any CPU
		{09017F7F-07D0-403B-ADCA-A087C574ED37}.Debug|Any CPU.Build.0 = Debug|Any CPU
		{09017F7F-07D0-403B-ADCA-A087C574ED37}.Release|Any CPU.ActiveCfg = Release|Any CPU
		{09017F7F-07D0-403B-ADCA-A087C574ED37}.Release|Any CPU.Build.0 = Release|Any CPU
	EndGlobalSection
	GlobalSection(SolutionProperties) = preSolution
		HideSolutionNode = FALSE
	EndGlobalSection
	GlobalSection(ExtensibilityGlobals) = postSolution
		SolutionGuid = {517D59AD-611B-49C8-B261-17E8ECB09CF8}
	EndGlobalSection
EndGlobal
