
Microsoft Visual Studio Solution File, Format Version 12.00
# Visual Studio Version 16
VisualStudioVersion = 16.0.31624.102
MinimumVisualStudioVersion = 10.0.40219.1
Project("{FAE04EC0-301F-11D3-BF4B-00C04F79EFBC}") = "Task_1", "Task_1.csproj", "{59B29F21-8EFB-42CE-9841-3BDB80E658D9}"
EndProject
Global
	GlobalSection(SolutionConfigurationPlatforms) = preSolution
		Debug|Any CPU = Debug|Any CPU
		Release|Any CPU = Release|Any CPU
	EndGlobalSection
	GlobalSection(ProjectConfigurationPlatforms) = postSolution
		{59B29F21-8EFB-42CE-9841-3BDB80E658D9}.Debug|Any CPU.ActiveCfg = Debug|Any CPU
		{59B29F21-8EFB-42CE-9841-3BDB80E658D9}.Debug|Any CPU.Build.0 = Debug|Any CPU
		{59B29F21-8EFB-42CE-9841-3BDB80E658D9}.Release|Any CPU.ActiveCfg = Release|Any CPU
		{59B29F21-8EFB-42CE-9841-3BDB80E658D9}.Release|Any CPU.Build.0 = Release|Any CPU
	EndGlobalSection
	GlobalSection(SolutionProperties) = preSolution
		HideSolutionNode = FALSE
	EndGlobalSection
	GlobalSection(ExtensibilityGlobals) = postSolution
		SolutionGuid = {C96D1BB4-44AF-4AB7-998E-261FA1DB8966}
	EndGlobalSection
EndGlobal
