
Microsoft Visual Studio Solution File, Format Version 12.00
Project("{FAE04EC0-301F-11D3-BF4B-00C04F79EFBC}") = "Maiden", "Maiden\Maiden.csproj", "{A111802E-B7B9-46C5-85D9-D19DAA300EC0}"
EndProject
Global
	GlobalSection(SolutionConfigurationPlatforms) = preSolution
		Debug|Any CPU = Debug|Any CPU
		Release|Any CPU = Release|Any CPU
	EndGlobalSection
	GlobalSection(ProjectConfigurationPlatforms) = postSolution
		{A111802E-B7B9-46C5-85D9-D19DAA300EC0}.Debug|Any CPU.ActiveCfg = Debug|Any CPU
		{A111802E-B7B9-46C5-85D9-D19DAA300EC0}.Debug|Any CPU.Build.0 = Debug|Any CPU
		{A111802E-B7B9-46C5-85D9-D19DAA300EC0}.Release|Any CPU.ActiveCfg = Release|Any CPU
		{A111802E-B7B9-46C5-85D9-D19DAA300EC0}.Release|Any CPU.Build.0 = Release|Any CPU
	EndGlobalSection
EndGlobal
