
Microsoft Visual Studio Solution File, Format Version 12.00
# Visual Studio Version 16
VisualStudioVersion = 16.0.31624.102
MinimumVisualStudioVersion = 10.0.40219.1
Project("{FAE04EC0-301F-11D3-BF4B-00C04F79EFBC}") = "Task_1", "Task_1\Task_1.csproj", "{DF806CC6-D21C-44A4-A266-ACB70CE3312D}"
EndProject
Global
	GlobalSection(SolutionConfigurationPlatforms) = preSolution
		Debug|Any CPU = Debug|Any CPU
		Release|Any CPU = Release|Any CPU
	EndGlobalSection
	GlobalSection(ProjectConfigurationPlatforms) = postSolution
		{DF806CC6-D21C-44A4-A266-ACB70CE3312D}.Debug|Any CPU.ActiveCfg = Debug|Any CPU
		{DF806CC6-D21C-44A4-A266-ACB70CE3312D}.Debug|Any CPU.Build.0 = Debug|Any CPU
		{DF806CC6-D21C-44A4-A266-ACB70CE3312D}.Release|Any CPU.ActiveCfg = Release|Any CPU
		{DF806CC6-D21C-44A4-A266-ACB70CE3312D}.Release|Any CPU.Build.0 = Release|Any CPU
	EndGlobalSection
	GlobalSection(SolutionProperties) = preSolution
		HideSolutionNode = FALSE
	EndGlobalSection
	GlobalSection(ExtensibilityGlobals) = postSolution
		SolutionGuid = {E19711A2-E0A5-4960-8D80-0E3E5A26FF86}
	EndGlobalSection
EndGlobal
