
Microsoft Visual Studio Solution File, Format Version 12.00
# Visual Studio Version 16
VisualStudioVersion = 16.0.31624.102
MinimumVisualStudioVersion = 10.0.40219.1
Project("{FAE04EC0-301F-11D3-BF4B-00C04F79EFBC}") = "Task_2", "Task_2\Task_2.csproj", "{A23C0627-008A-4AA9-92C7-0FD627028D2E}"
EndProject
Global
	GlobalSection(SolutionConfigurationPlatforms) = preSolution
		Debug|Any CPU = Debug|Any CPU
		Release|Any CPU = Release|Any CPU
	EndGlobalSection
	GlobalSection(ProjectConfigurationPlatforms) = postSolution
		{A23C0627-008A-4AA9-92C7-0FD627028D2E}.Debug|Any CPU.ActiveCfg = Debug|Any CPU
		{A23C0627-008A-4AA9-92C7-0FD627028D2E}.Debug|Any CPU.Build.0 = Debug|Any CPU
		{A23C0627-008A-4AA9-92C7-0FD627028D2E}.Release|Any CPU.ActiveCfg = Release|Any CPU
		{A23C0627-008A-4AA9-92C7-0FD627028D2E}.Release|Any CPU.Build.0 = Release|Any CPU
	EndGlobalSection
	GlobalSection(SolutionProperties) = preSolution
		HideSolutionNode = FALSE
	EndGlobalSection
	GlobalSection(ExtensibilityGlobals) = postSolution
		SolutionGuid = {E6C979B2-0C38-4ED8-BE96-E756EB9F4EE7}
	EndGlobalSection
EndGlobal
